
Microsoft Visual Studio Solution File, Format Version 12.00
# Visual Studio Version 17
VisualStudioVersion = 17.13.35825.156 d17.13
MinimumVisualStudioVersion = 10.0.40219.1
Project("{FAE04EC0-301F-11D3-BF4B-00C04F79EFBC}") = "JwtAuthApp", "JwtAuthApp.csproj", "{B867BDDD-6E45-4209-ACDB-D29D11A614D1}"
EndProject
Global
	GlobalSection(SolutionConfigurationPlatforms) = preSolution
		Debug|Any CPU = Debug|Any CPU
		Release|Any CPU = Release|Any CPU
	EndGlobalSection
	GlobalSection(ProjectConfigurationPlatforms) = postSolution
		{B867BDDD-6E45-4209-ACDB-D29D11A614D1}.Debug|Any CPU.ActiveCfg = Debug|Any CPU
		{B867BDDD-6E45-4209-ACDB-D29D11A614D1}.Debug|Any CPU.Build.0 = Debug|Any CPU
		{B867BDDD-6E45-4209-ACDB-D29D11A614D1}.Release|Any CPU.ActiveCfg = Release|Any CPU
		{B867BDDD-6E45-4209-ACDB-D29D11A614D1}.Release|Any CPU.Build.0 = Release|Any CPU
	EndGlobalSection
	GlobalSection(SolutionProperties) = preSolution
		HideSolutionNode = FALSE
	EndGlobalSection
	GlobalSection(ExtensibilityGlobals) = postSolution
		SolutionGuid = {9B15991C-CD1E-4C6C-A5E0-0FEE08E4C0D4}
	EndGlobalSection
EndGlobal
